
Microsoft Visual Studio Solution File, Format Version 12.00
# Visual Studio Version 17
VisualStudioVersion = 17.1.32421.90
MinimumVisualStudioVersion = 10.0.40219.1
Project("{9A19103F-16F7-4668-BE54-9A1E7A4F7556}") = "Sobrecarga", "Sobrecarga\Sobrecarga.csproj", "{8E9EC85E-D3DC-4CEA-9DBB-407FDF3988A3}"
EndProject
Project("{2150E333-8FDC-42A3-9474-1A3956D46DE8}") = "Ejercicio De Sobrecarga", "Ejercicio De Sobrecarga", "{18A25C2B-5851-42C9-94DD-79F542CB6F7E}"
EndProject
Project("{9A19103F-16F7-4668-BE54-9A1E7A4F7556}") = "WSobrecarga", "WSobrecarga\WSobrecarga.csproj", "{0C2963C5-BBEC-4547-9093-D11DEF6BB2CB}"
EndProject
Project("{2150E333-8FDC-42A3-9474-1A3956D46DE8}") = "Colecciones", "Colecciones", "{C3599DC9-88BB-4753-9334-A99C97942933}"
EndProject
Project("{9A19103F-16F7-4668-BE54-9A1E7A4F7556}") = "Colecciones_NumerosLocos", "Colecciones_NumerosLocos\Colecciones_NumerosLocos.csproj", "{24455BA6-8B14-40D8-A7ED-676852D0F43A}"
EndProject
Project("{9A19103F-16F7-4668-BE54-9A1E7A4F7556}") = "Colecciones_NumerosLocos2", "Colecciones_NumerosLocos2\Colecciones_NumerosLocos2.csproj", "{7E25F730-0F02-4781-9014-920696B98076}"
EndProject
Project("{9A19103F-16F7-4668-BE54-9A1E7A4F7556}") = "Contador de palabras", "Contador de palabras\Contador de palabras.csproj", "{DC38FFA9-8593-4102-93D0-1CCDBBC107FD}"
EndProject
Project("{9A19103F-16F7-4668-BE54-9A1E7A4F7556}") = "Estadistica deportiva", "Estadistica deportiva\Estadistica deportiva.csproj", "{084CED4F-6AB0-4FFE-867B-A3D1147659FC}"
EndProject
Project("{9A19103F-16F7-4668-BE54-9A1E7A4F7556}") = "Program - Estadistica deportiva", "Program\Program - Estadistica deportiva.csproj", "{52DEC472-16BA-40AB-B4E9-F9AA5CAA8457}"
EndProject
Project("{9A19103F-16F7-4668-BE54-9A1E7A4F7556}") = "Competencia Automotores", "Competencia Automotores\Competencia Automotores.csproj", "{1E239D6A-AABA-4194-B33E-2905860777BB}"
EndProject
Project("{2150E333-8FDC-42A3-9474-1A3956D46DE8}") = "Encapsulamiento", "Encapsulamiento", "{FAC5C467-EF4C-47A9-8134-766F8BB4F23E}"
EndProject
Project("{9A19103F-16F7-4668-BE54-9A1E7A4F7556}") = "PuestoDeAtencion", "PuestoDeAtencion\PuestoDeAtencion.csproj", "{0A9A8AA5-C846-4230-A3E7-0F2DBEDF5450}"
EndProject
Project("{9A19103F-16F7-4668-BE54-9A1E7A4F7556}") = "ConsultaIndice", "ConsultaIndice\ConsultaIndice.csproj", "{0717B495-DA53-4BD6-B431-A3CB08474CD1}"
EndProject
Project("{2150E333-8FDC-42A3-9474-1A3956D46DE8}") = "Herencia", "Herencia", "{FC11CA98-F196-43C6-BB30-7DE60D9C6925}"
EndProject
Project("{9A19103F-16F7-4668-BE54-9A1E7A4F7556}") = "Vehiculos", "Vehiculos\Vehiculos.csproj", "{3D8EFFAE-2AB6-4E6A-AA4B-B1AE9A4DCABD}"
EndProject
Project("{9A19103F-16F7-4668-BE54-9A1E7A4F7556}") = "Estadistica deportiva mejorada", "Estadistica deportiva mejorada\Estadistica deportiva mejorada.csproj", "{D181C32C-D50B-4B12-8CD5-B11DD946621D}"
EndProject
Project("{9A19103F-16F7-4668-BE54-9A1E7A4F7556}") = "Competencia Automotores Mejorado", "Competencia Automotores Mejorado\Competencia Automotores Mejorado.csproj", "{A4C1AD68-F2E9-4E2E-9B26-AD1814324413}"
EndProject
Project("{FAE04EC0-301F-11D3-BF4B-00C04F79EFBC}") = "Centralita", "Centralita\Centralita.csproj", "{87A455E5-F162-43F7-80A7-C2E433825D1C}"
EndProject
Global
	GlobalSection(SolutionConfigurationPlatforms) = preSolution
		Debug|Any CPU = Debug|Any CPU
		Release|Any CPU = Release|Any CPU
	EndGlobalSection
	GlobalSection(ProjectConfigurationPlatforms) = postSolution
		{8E9EC85E-D3DC-4CEA-9DBB-407FDF3988A3}.Debug|Any CPU.ActiveCfg = Debug|Any CPU
		{8E9EC85E-D3DC-4CEA-9DBB-407FDF3988A3}.Debug|Any CPU.Build.0 = Debug|Any CPU
		{8E9EC85E-D3DC-4CEA-9DBB-407FDF3988A3}.Release|Any CPU.ActiveCfg = Release|Any CPU
		{8E9EC85E-D3DC-4CEA-9DBB-407FDF3988A3}.Release|Any CPU.Build.0 = Release|Any CPU
		{0C2963C5-BBEC-4547-9093-D11DEF6BB2CB}.Debug|Any CPU.ActiveCfg = Debug|Any CPU
		{0C2963C5-BBEC-4547-9093-D11DEF6BB2CB}.Debug|Any CPU.Build.0 = Debug|Any CPU
		{0C2963C5-BBEC-4547-9093-D11DEF6BB2CB}.Release|Any CPU.ActiveCfg = Release|Any CPU
		{0C2963C5-BBEC-4547-9093-D11DEF6BB2CB}.Release|Any CPU.Build.0 = Release|Any CPU
		{24455BA6-8B14-40D8-A7ED-676852D0F43A}.Debug|Any CPU.ActiveCfg = Debug|Any CPU
		{24455BA6-8B14-40D8-A7ED-676852D0F43A}.Debug|Any CPU.Build.0 = Debug|Any CPU
		{24455BA6-8B14-40D8-A7ED-676852D0F43A}.Release|Any CPU.ActiveCfg = Release|Any CPU
		{24455BA6-8B14-40D8-A7ED-676852D0F43A}.Release|Any CPU.Build.0 = Release|Any CPU
		{7E25F730-0F02-4781-9014-920696B98076}.Debug|Any CPU.ActiveCfg = Debug|Any CPU
		{7E25F730-0F02-4781-9014-920696B98076}.Debug|Any CPU.Build.0 = Debug|Any CPU
		{7E25F730-0F02-4781-9014-920696B98076}.Release|Any CPU.ActiveCfg = Release|Any CPU
		{7E25F730-0F02-4781-9014-920696B98076}.Release|Any CPU.Build.0 = Release|Any CPU
		{DC38FFA9-8593-4102-93D0-1CCDBBC107FD}.Debug|Any CPU.ActiveCfg = Debug|Any CPU
		{DC38FFA9-8593-4102-93D0-1CCDBBC107FD}.Debug|Any CPU.Build.0 = Debug|Any CPU
		{DC38FFA9-8593-4102-93D0-1CCDBBC107FD}.Release|Any CPU.ActiveCfg = Release|Any CPU
		{DC38FFA9-8593-4102-93D0-1CCDBBC107FD}.Release|Any CPU.Build.0 = Release|Any CPU
		{084CED4F-6AB0-4FFE-867B-A3D1147659FC}.Debug|Any CPU.ActiveCfg = Debug|Any CPU
		{084CED4F-6AB0-4FFE-867B-A3D1147659FC}.Debug|Any CPU.Build.0 = Debug|Any CPU
		{084CED4F-6AB0-4FFE-867B-A3D1147659FC}.Release|Any CPU.ActiveCfg = Release|Any CPU
		{084CED4F-6AB0-4FFE-867B-A3D1147659FC}.Release|Any CPU.Build.0 = Release|Any CPU
		{52DEC472-16BA-40AB-B4E9-F9AA5CAA8457}.Debug|Any CPU.ActiveCfg = Debug|Any CPU
		{52DEC472-16BA-40AB-B4E9-F9AA5CAA8457}.Debug|Any CPU.Build.0 = Debug|Any CPU
		{52DEC472-16BA-40AB-B4E9-F9AA5CAA8457}.Release|Any CPU.ActiveCfg = Release|Any CPU
		{52DEC472-16BA-40AB-B4E9-F9AA5CAA8457}.Release|Any CPU.Build.0 = Release|Any CPU
		{1E239D6A-AABA-4194-B33E-2905860777BB}.Debug|Any CPU.ActiveCfg = Debug|Any CPU
		{1E239D6A-AABA-4194-B33E-2905860777BB}.Debug|Any CPU.Build.0 = Debug|Any CPU
		{1E239D6A-AABA-4194-B33E-2905860777BB}.Release|Any CPU.ActiveCfg = Release|Any CPU
		{1E239D6A-AABA-4194-B33E-2905860777BB}.Release|Any CPU.Build.0 = Release|Any CPU
		{0A9A8AA5-C846-4230-A3E7-0F2DBEDF5450}.Debug|Any CPU.ActiveCfg = Debug|Any CPU
		{0A9A8AA5-C846-4230-A3E7-0F2DBEDF5450}.Debug|Any CPU.Build.0 = Debug|Any CPU
		{0A9A8AA5-C846-4230-A3E7-0F2DBEDF5450}.Release|Any CPU.ActiveCfg = Release|Any CPU
		{0A9A8AA5-C846-4230-A3E7-0F2DBEDF5450}.Release|Any CPU.Build.0 = Release|Any CPU
		{0717B495-DA53-4BD6-B431-A3CB08474CD1}.Debug|Any CPU.ActiveCfg = Debug|Any CPU
		{0717B495-DA53-4BD6-B431-A3CB08474CD1}.Debug|Any CPU.Build.0 = Debug|Any CPU
		{0717B495-DA53-4BD6-B431-A3CB08474CD1}.Release|Any CPU.ActiveCfg = Release|Any CPU
		{0717B495-DA53-4BD6-B431-A3CB08474CD1}.Release|Any CPU.Build.0 = Release|Any CPU
		{3D8EFFAE-2AB6-4E6A-AA4B-B1AE9A4DCABD}.Debug|Any CPU.ActiveCfg = Debug|Any CPU
		{3D8EFFAE-2AB6-4E6A-AA4B-B1AE9A4DCABD}.Debug|Any CPU.Build.0 = Debug|Any CPU
		{3D8EFFAE-2AB6-4E6A-AA4B-B1AE9A4DCABD}.Release|Any CPU.ActiveCfg = Release|Any CPU
		{3D8EFFAE-2AB6-4E6A-AA4B-B1AE9A4DCABD}.Release|Any CPU.Build.0 = Release|Any CPU
		{D181C32C-D50B-4B12-8CD5-B11DD946621D}.Debug|Any CPU.ActiveCfg = Debug|Any CPU
		{D181C32C-D50B-4B12-8CD5-B11DD946621D}.Debug|Any CPU.Build.0 = Debug|Any CPU
		{D181C32C-D50B-4B12-8CD5-B11DD946621D}.Release|Any CPU.ActiveCfg = Release|Any CPU
		{D181C32C-D50B-4B12-8CD5-B11DD946621D}.Release|Any CPU.Build.0 = Release|Any CPU
		{A4C1AD68-F2E9-4E2E-9B26-AD1814324413}.Debug|Any CPU.ActiveCfg = Debug|Any CPU
		{A4C1AD68-F2E9-4E2E-9B26-AD1814324413}.Debug|Any CPU.Build.0 = Debug|Any CPU
		{A4C1AD68-F2E9-4E2E-9B26-AD1814324413}.Release|Any CPU.ActiveCfg = Release|Any CPU
		{A4C1AD68-F2E9-4E2E-9B26-AD1814324413}.Release|Any CPU.Build.0 = Release|Any CPU
		{87A455E5-F162-43F7-80A7-C2E433825D1C}.Debug|Any CPU.ActiveCfg = Debug|Any CPU
		{87A455E5-F162-43F7-80A7-C2E433825D1C}.Debug|Any CPU.Build.0 = Debug|Any CPU
		{87A455E5-F162-43F7-80A7-C2E433825D1C}.Release|Any CPU.ActiveCfg = Release|Any CPU
		{87A455E5-F162-43F7-80A7-C2E433825D1C}.Release|Any CPU.Build.0 = Release|Any CPU
	EndGlobalSection
	GlobalSection(SolutionProperties) = preSolution
		HideSolutionNode = FALSE
	EndGlobalSection
	GlobalSection(NestedProjects) = preSolution
		{8E9EC85E-D3DC-4CEA-9DBB-407FDF3988A3} = {18A25C2B-5851-42C9-94DD-79F542CB6F7E}
		{0C2963C5-BBEC-4547-9093-D11DEF6BB2CB} = {18A25C2B-5851-42C9-94DD-79F542CB6F7E}
		{24455BA6-8B14-40D8-A7ED-676852D0F43A} = {C3599DC9-88BB-4753-9334-A99C97942933}
		{7E25F730-0F02-4781-9014-920696B98076} = {C3599DC9-88BB-4753-9334-A99C97942933}
		{DC38FFA9-8593-4102-93D0-1CCDBBC107FD} = {C3599DC9-88BB-4753-9334-A99C97942933}
		{084CED4F-6AB0-4FFE-867B-A3D1147659FC} = {C3599DC9-88BB-4753-9334-A99C97942933}
		{52DEC472-16BA-40AB-B4E9-F9AA5CAA8457} = {C3599DC9-88BB-4753-9334-A99C97942933}
		{1E239D6A-AABA-4194-B33E-2905860777BB} = {C3599DC9-88BB-4753-9334-A99C97942933}
		{0A9A8AA5-C846-4230-A3E7-0F2DBEDF5450} = {FAC5C467-EF4C-47A9-8134-766F8BB4F23E}
		{0717B495-DA53-4BD6-B431-A3CB08474CD1} = {FAC5C467-EF4C-47A9-8134-766F8BB4F23E}
		{3D8EFFAE-2AB6-4E6A-AA4B-B1AE9A4DCABD} = {FC11CA98-F196-43C6-BB30-7DE60D9C6925}
		{D181C32C-D50B-4B12-8CD5-B11DD946621D} = {FC11CA98-F196-43C6-BB30-7DE60D9C6925}
		{A4C1AD68-F2E9-4E2E-9B26-AD1814324413} = {FC11CA98-F196-43C6-BB30-7DE60D9C6925}
		{87A455E5-F162-43F7-80A7-C2E433825D1C} = {FC11CA98-F196-43C6-BB30-7DE60D9C6925}
	EndGlobalSection
	GlobalSection(ExtensibilityGlobals) = postSolution
		SolutionGuid = {057C8517-DBB4-4BEC-B0E1-960780CF3F64}
	EndGlobalSection
EndGlobal
