
Microsoft Visual Studio Solution File, Format Version 12.00
# Visual Studio Version 17
VisualStudioVersion = 17.1.32421.90
MinimumVisualStudioVersion = 10.0.40219.1
Project("{9A19103F-16F7-4668-BE54-9A1E7A4F7556}") = "Sobrecarga", "Sobrecarga\Sobrecarga.csproj", "{8E9EC85E-D3DC-4CEA-9DBB-407FDF3988A3}"
EndProject
Project("{2150E333-8FDC-42A3-9474-1A3956D46DE8}") = "01 Ejercicio De Sobrecarga", "01 Ejercicio De Sobrecarga", "{18A25C2B-5851-42C9-94DD-79F542CB6F7E}"
EndProject
Project("{9A19103F-16F7-4668-BE54-9A1E7A4F7556}") = "WSobrecarga", "WSobrecarga\WSobrecarga.csproj", "{0C2963C5-BBEC-4547-9093-D11DEF6BB2CB}"
EndProject
Project("{2150E333-8FDC-42A3-9474-1A3956D46DE8}") = "02 Colecciones", "02 Colecciones", "{C3599DC9-88BB-4753-9334-A99C97942933}"
EndProject
Project("{9A19103F-16F7-4668-BE54-9A1E7A4F7556}") = "Colecciones_NumerosLocos", "Colecciones_NumerosLocos\Colecciones_NumerosLocos.csproj", "{24455BA6-8B14-40D8-A7ED-676852D0F43A}"
EndProject
Project("{9A19103F-16F7-4668-BE54-9A1E7A4F7556}") = "Colecciones_NumerosLocos2", "Colecciones_NumerosLocos2\Colecciones_NumerosLocos2.csproj", "{7E25F730-0F02-4781-9014-920696B98076}"
EndProject
Project("{9A19103F-16F7-4668-BE54-9A1E7A4F7556}") = "Contador de palabras", "Contador de palabras\Contador de palabras.csproj", "{DC38FFA9-8593-4102-93D0-1CCDBBC107FD}"
EndProject
Project("{9A19103F-16F7-4668-BE54-9A1E7A4F7556}") = "Estadistica deportiva", "Estadistica deportiva\Estadistica deportiva.csproj", "{084CED4F-6AB0-4FFE-867B-A3D1147659FC}"
EndProject
Project("{9A19103F-16F7-4668-BE54-9A1E7A4F7556}") = "Program - Estadistica deportiva", "Program\Program - Estadistica deportiva.csproj", "{52DEC472-16BA-40AB-B4E9-F9AA5CAA8457}"
EndProject
Project("{9A19103F-16F7-4668-BE54-9A1E7A4F7556}") = "Competencia Automotores", "Competencia Automotores\Competencia Automotores.csproj", "{1E239D6A-AABA-4194-B33E-2905860777BB}"
EndProject
Project("{2150E333-8FDC-42A3-9474-1A3956D46DE8}") = "04 Encapsulamiento", "04 Encapsulamiento", "{FAC5C467-EF4C-47A9-8134-766F8BB4F23E}"
EndProject
Project("{9A19103F-16F7-4668-BE54-9A1E7A4F7556}") = "PuestoDeAtencion", "PuestoDeAtencion\PuestoDeAtencion.csproj", "{0A9A8AA5-C846-4230-A3E7-0F2DBEDF5450}"
EndProject
Project("{9A19103F-16F7-4668-BE54-9A1E7A4F7556}") = "ConsultaIndice", "ConsultaIndice\ConsultaIndice.csproj", "{0717B495-DA53-4BD6-B431-A3CB08474CD1}"
EndProject
Project("{2150E333-8FDC-42A3-9474-1A3956D46DE8}") = "03 Herencia", "03 Herencia", "{FC11CA98-F196-43C6-BB30-7DE60D9C6925}"
EndProject
Project("{9A19103F-16F7-4668-BE54-9A1E7A4F7556}") = "Vehiculos", "Vehiculos\Vehiculos.csproj", "{3D8EFFAE-2AB6-4E6A-AA4B-B1AE9A4DCABD}"
EndProject
Project("{9A19103F-16F7-4668-BE54-9A1E7A4F7556}") = "Estadistica deportiva mejorada", "Estadistica deportiva mejorada\Estadistica deportiva mejorada.csproj", "{D181C32C-D50B-4B12-8CD5-B11DD946621D}"
EndProject
Project("{9A19103F-16F7-4668-BE54-9A1E7A4F7556}") = "Competencia Automotores II", "Competencia Automotores Mejorado\Competencia Automotores II.csproj", "{A4C1AD68-F2E9-4E2E-9B26-AD1814324413}"
EndProject
Project("{9A19103F-16F7-4668-BE54-9A1E7A4F7556}") = "Centralita", "Centralita\Centralita.csproj", "{87A455E5-F162-43F7-80A7-C2E433825D1C}"
EndProject
Project("{2150E333-8FDC-42A3-9474-1A3956D46DE8}") = "05 Polimorfismo", "05 Polimorfismo", "{EC5DDCE1-A545-4C5E-BE4C-CB364CA6DD1F}"
EndProject
Project("{9A19103F-16F7-4668-BE54-9A1E7A4F7556}") = "Advertencias", "Advertencias\Advertencias.csproj", "{09D9C6A6-B449-46BC-B176-73B8392FEF94}"
EndProject
Project("{9A19103F-16F7-4668-BE54-9A1E7A4F7556}") = "Calculadora", "Calculadora\Calculadora.csproj", "{B8A9B625-0C05-4873-9C64-78DD04297E86}"
EndProject
Project("{9A19103F-16F7-4668-BE54-9A1E7A4F7556}") = "Centralita II", "Centralita II\Centralita II.csproj", "{809F12F7-1695-4E93-ABDC-15D11339F15F}"
EndProject
Project("{9A19103F-16F7-4668-BE54-9A1E7A4F7556}") = "FrmMenu (centralita II)", "FrmMenu\FrmMenu (centralita II).csproj", "{FF2B03DD-1F70-4943-B6B6-591897E3EDF8}"
EndProject
Project("{2150E333-8FDC-42A3-9474-1A3956D46DE8}") = "06 Excepciones", "06 Excepciones", "{14330D98-D37E-46D0-902D-A08B09E44ADA}"
EndProject
Project("{9A19103F-16F7-4668-BE54-9A1E7A4F7556}") = "Lanzar y Atrapar", "Lanzar y Atrapar\Lanzar y Atrapar.csproj", "{5F01877E-B499-4CCE-9421-52DB7483EA8E}"
EndProject
Project("{9A19103F-16F7-4668-BE54-9A1E7A4F7556}") = "Calculador", "Calculador\Calculador.csproj", "{06B79215-8B42-4522-A44A-8F9E52FDBE8A}"
EndProject
Project("{9A19103F-16F7-4668-BE54-9A1E7A4F7556}") = "Atrapame si puedes", "Atrapame si puedes\Atrapame si puedes.csproj", "{49CC0402-90B8-4410-8D34-B04FF208454A}"
EndProject
Project("{9A19103F-16F7-4668-BE54-9A1E7A4F7556}") = "Centralita III", "Centralita III\Centralita III.csproj", "{6C69967A-753F-4B76-BABF-8E3E0091F1BF}"
EndProject
Project("{9A19103F-16F7-4668-BE54-9A1E7A4F7556}") = "Segui participando", "Segui participando\Segui participando.csproj", "{E63FB383-F0DA-4685-A6D3-DBBA65D660F3}"
EndProject
Project("{2150E333-8FDC-42A3-9474-1A3956D46DE8}") = "Centralita II + Form", "Centralita II + Form", "{58BD95E6-757E-4B5D-9980-97C5EB5885A2}"
EndProject
Project("{2150E333-8FDC-42A3-9474-1A3956D46DE8}") = "07 Pruebas unitarias", "07 Pruebas unitarias", "{995A4AC3-3CB2-4D48-8AC9-BF4CFD94045D}"
EndProject
Project("{9A19103F-16F7-4668-BE54-9A1E7A4F7556}") = "CalculadoraUnitaria", "CalculadoraParaTest\CalculadoraUnitaria.csproj", "{CB073C05-691C-4BC5-B7BB-ACB3D653F47B}"
EndProject
Project("{9A19103F-16F7-4668-BE54-9A1E7A4F7556}") = "CalculadoraTest", "CalculadoraTest\CalculadoraTest.csproj", "{8D757C54-7E26-44B6-9A91-B7E934ED19D9}"
EndProject
Project("{2150E333-8FDC-42A3-9474-1A3956D46DE8}") = "Calculadora prueba unitaria", "Calculadora prueba unitaria", "{BD833F6E-B308-4FD2-87B0-B72BFE4D1F91}"
EndProject
Project("{9A19103F-16F7-4668-BE54-9A1E7A4F7556}") = "Centralita prueba unitaria", "Centralita prueba unitaria\Centralita prueba unitaria.csproj", "{A29D96AE-DBB4-4A68-9B42-D99E7795C301}"
EndProject
Project("{9A19103F-16F7-4668-BE54-9A1E7A4F7556}") = "Lanzar y Atrapar prueba unitaria", "Lanzar y Atrapar prueba unitaria\Lanzar y Atrapar prueba unitaria.csproj", "{8DEA7C67-E7CA-464F-8F25-05C05369E064}"
EndProject
Project("{9A19103F-16F7-4668-BE54-9A1E7A4F7556}") = "Segui Participando prueba unitaria", "Segui Participando prueba unitaria\Segui Participando prueba unitaria.csproj", "{1201FD4F-6379-410D-AE7D-774C9AD7BF90}"
EndProject
Project("{2150E333-8FDC-42A3-9474-1A3956D46DE8}") = "08 Tipos Genericos", "08 Tipos Genericos", "{248CFE41-5EEC-42A4-A6C9-CDD656804006}"
EndProject
Project("{9A19103F-16F7-4668-BE54-9A1E7A4F7556}") = "Torneo", "Torneo\Torneo.csproj", "{D45680D7-31F4-4FD6-A088-8D6399E07AD3}"
EndProject
Project("{9A19103F-16F7-4668-BE54-9A1E7A4F7556}") = "Contabilidad", "Contabilidad\Contabilidad.csproj", "{F0335B4B-8371-4B4E-8B6F-98E3CA48D260}"
EndProject
Project("{9A19103F-16F7-4668-BE54-9A1E7A4F7556}") = "Competencia Automotores III", "Competencia Automotores III\Competencia Automotores III.csproj", "{301EDF6D-381B-4C94-AD18-BFCB8175A6B6}"
EndProject
Project("{2150E333-8FDC-42A3-9474-1A3956D46DE8}") = "09 Interfaces", "09 Interfaces", "{D6ED7409-CA42-42A6-A801-543F52C04A0C}"
EndProject
Project("{9A19103F-16F7-4668-BE54-9A1E7A4F7556}") = "Cartuchera", "Cartuchera\Cartuchera.csproj", "{3C63F110-954E-4544-8651-61EBA74F070F}"
EndProject
Project("{9A19103F-16F7-4668-BE54-9A1E7A4F7556}") = "ControlDeAduana", "ControlDeAduana\ControlDeAduana.csproj", "{AAA64709-2C6A-4090-A9CC-31339FDFD69D}"
EndProject
Project("{2150E333-8FDC-42A3-9474-1A3956D46DE8}") = "Control De Aduana", "Control De Aduana", "{7C8B53F7-BE79-45A8-81BB-65E701AF7488}"
EndProject
Project("{9A19103F-16F7-4668-BE54-9A1E7A4F7556}") = "Control De Aduana Tests", "Control De Aduana Tests\Control De Aduana Tests.csproj", "{C63F6DAB-7ABB-4293-BF3D-965B135C1DEE}"
EndProject
Project("{9A19103F-16F7-4668-BE54-9A1E7A4F7556}") = "Centralita IV", "Centralita IV\Centralita IV.csproj", "{E7E2618F-EB8F-41B7-AECE-8137A58C4064}"
EndProject
Project("{2150E333-8FDC-42A3-9474-1A3956D46DE8}") = "10 Archivos", "10 Archivos", "{33E6B62B-8F8C-42FC-85E8-57E6E023874B}"
EndProject
Project("{9A19103F-16F7-4668-BE54-9A1E7A4F7556}") = "Presentacion", "Dni para mi compañero\Presentacion\Presentacion.csproj", "{ED80606C-09C6-4EB3-8EF7-05AF2ECD5C8E}"
EndProject
Project("{2150E333-8FDC-42A3-9474-1A3956D46DE8}") = "Un Dni para mi compu", "Un Dni para mi compu", "{0A7A19A5-3448-42CE-BED7-F78EC17880DC}"
EndProject
Project("{2150E333-8FDC-42A3-9474-1A3956D46DE8}") = "NotePad", "NotePad", "{440AC804-82C7-49AC-AEBF-A380CA3D6DEB}"
EndProject
Project("{9A19103F-16F7-4668-BE54-9A1E7A4F7556}") = "Notepad", "Notepad\Notepad.csproj", "{1555FB05-EC83-4A95-87EF-DAC97E970CBD}"
EndProject
Project("{2150E333-8FDC-42A3-9474-1A3956D46DE8}") = "Lanzar, atrapar, probar y guardar", "Lanzar, atrapar, probar y guardar", "{D0C19DE0-3C66-4DB6-8B5D-365F1CBD2B97}"
EndProject
Project("{9A19103F-16F7-4668-BE54-9A1E7A4F7556}") = "Lanzar y atrapar II", "Lanzar y atrapar II\Lanzar y atrapar II.csproj", "{A0AB5A22-9E98-4865-B01C-AAC1774F32D0}"
EndProject
Project("{9A19103F-16F7-4668-BE54-9A1E7A4F7556}") = "IO", "IO\IO.csproj", "{C54C3571-90BC-4E2A-A896-50D43A559A88}"
EndProject
Project("{2150E333-8FDC-42A3-9474-1A3956D46DE8}") = "11 Serializacion", "11 Serializacion", "{D276E290-BF74-44EB-8345-C7E093BE488C}"
EndProject
Project("{2150E333-8FDC-42A3-9474-1A3956D46DE8}") = "Lista Supermercado", "Lista Supermercado", "{EBE4D4B9-0439-455A-A9F2-F09FF8A797FB}"
EndProject
Project("{9A19103F-16F7-4668-BE54-9A1E7A4F7556}") = "FrmAltaModificacion", "FrmAltaModificacion\FrmAltaModificacion.csproj", "{E473B561-2ACE-47D9-9EF1-74FCBAED93C2}"
EndProject
Project("{9A19103F-16F7-4668-BE54-9A1E7A4F7556}") = "Vista", "Cartelera\Vista\Vista.csproj", "{7A54395B-0990-481C-91C1-D6A4476FE378}"
EndProject
Project("{2150E333-8FDC-42A3-9474-1A3956D46DE8}") = "Cartelera", "Cartelera", "{747A407A-2436-4711-8D8B-D7F0A921B5DC}"
EndProject
Project("{2150E333-8FDC-42A3-9474-1A3956D46DE8}") = "Persona -Serializacion-", "Persona -Serializacion-", "{5F454AEE-6494-45B8-B4DA-8889A2154BFE}"
EndProject
Project("{9A19103F-16F7-4668-BE54-9A1E7A4F7556}") = "Persona -serializacion-", "Persona -serializacion-\Persona -serializacion-.csproj", "{F7DC1BBF-7EDD-452E-9E42-5F6603606A6F}"
EndProject
Project("{2150E333-8FDC-42A3-9474-1A3956D46DE8}") = "NotePad II -IO-", "NotePad II -IO-", "{658B2069-64E0-4DF2-9A9D-ADB70A450B3F}"
EndProject
Project("{9A19103F-16F7-4668-BE54-9A1E7A4F7556}") = "IO -notepad-", "IO -notepad-\IO -notepad-.csproj", "{6251DA88-F954-4FBA-8E24-E20F545C6D7C}"
EndProject
Project("{9A19103F-16F7-4668-BE54-9A1E7A4F7556}") = "NotePad Tests", "NotePad Tests\NotePad Tests.csproj", "{732AF8C5-9F9A-4357-8697-C2AD3CBEA873}"
EndProject
Project("{9A19103F-16F7-4668-BE54-9A1E7A4F7556}") = "PRUEBAS", "PRUEBAS\PRUEBAS.csproj", "{35295980-D786-47B8-B6DF-C73DB961BBDA}"
EndProject
Project("{2150E333-8FDC-42A3-9474-1A3956D46DE8}") = "12 Conexion base de datos", "12 Conexion base de datos", "{7C61E246-32EF-42E1-9A87-E105A560A275}"
EndProject
Project("{2150E333-8FDC-42A3-9474-1A3956D46DE8}") = "Ejercicio Mi Primer CDRU", "Ejercicio Mi Primer CDRU", "{F3E82FEE-61F6-4F55-9C01-03DE56F27C08}"
EndProject
Project("{9A19103F-16F7-4668-BE54-9A1E7A4F7556}") = "PersonaCDRUPruebas", "PersonaCDRUPruebas\PersonaCDRUPruebas.csproj", "{D69358BE-2297-4020-9A06-A42C61E904E4}"
EndProject
Project("{9A19103F-16F7-4668-BE54-9A1E7A4F7556}") = "PersonaCDRUForm", "PersonaCDRUForm\PersonaCDRUForm.csproj", "{3E697561-A7F5-40B0-9827-032138DB7974}"
EndProject
Project("{2150E333-8FDC-42A3-9474-1A3956D46DE8}") = "Esto Definitivamente no es STEAM", "Esto Definitivamente no es STEAM", "{BCB7A79F-2BC6-478C-A2BD-E8276C2A904E}"
EndProject
Project("{9A19103F-16F7-4668-BE54-9A1E7A4F7556}") = "Vista", "EjemploDTGV\Vista\Vista.csproj", "{8854C281-47DE-46A1-BC4A-18B80A48E7BA}"
EndProject
Project("{2150E333-8FDC-42A3-9474-1A3956D46DE8}") = "Centralita V", "Centralita V", "{4C0EC946-A638-412D-8D66-27F143490825}"
EndProject
Project("{9A19103F-16F7-4668-BE54-9A1E7A4F7556}") = "EntidadesDAO", "EntidadesDAO\EntidadesDAO.csproj", "{D3F67251-95B1-4B15-9BBD-DA68B0A47310}"
EndProject
Project("{2150E333-8FDC-42A3-9474-1A3956D46DE8}") = "13 Delegados - Lambda", "13 Delegados - Lambda", "{EEAC6965-A663-41F6-A47D-41935F04309E}"
EndProject
Project("{2150E333-8FDC-42A3-9474-1A3956D46DE8}") = "El delegado", "El delegado", "{6A6995B8-ABF5-41E7-86D7-D0DCBC6BF3F3}"
EndProject
Project("{9A19103F-16F7-4668-BE54-9A1E7A4F7556}") = "El delegado", "El delegado\El delegado.csproj", "{0E27BAFB-744C-4645-ACA4-6A0491AC7899}"
EndProject
Project("{2150E333-8FDC-42A3-9474-1A3956D46DE8}") = "El Comparador", "El Comparador", "{A854F738-3CB6-4642-9596-210659C04F63}"
EndProject
Project("{9A19103F-16F7-4668-BE54-9A1E7A4F7556}") = "Consola", "I02_El_comparador\Consola\Consola.csproj", "{F7BEFA46-A479-4CA0-9C0C-AEC236155C7E}"
EndProject
Project("{2150E333-8FDC-42A3-9474-1A3956D46DE8}") = "14 Threading", "14 Threading", "{E6E2C6D8-54D5-4750-A657-4A8627FBDA22}"
EndProject
Project("{2150E333-8FDC-42A3-9474-1A3956D46DE8}") = "Relojero", "Relojero", "{87FAC089-ACD9-4D9E-A99E-882960412061}"
EndProject
Project("{9A19103F-16F7-4668-BE54-9A1E7A4F7556}") = "Relojero", "Relojero\Relojero.csproj", "{8618673A-CF70-4A29-995B-4234E4D77281}"
EndProject
Project("{2150E333-8FDC-42A3-9474-1A3956D46DE8}") = "Simulador atencion a clientes", "Simulador atencion a clientes", "{157A5A39-82AA-42E1-B4EC-F75DE0FE512B}"
EndProject
Project("{9A19103F-16F7-4668-BE54-9A1E7A4F7556}") = "Simulador", "Simulador\Simulador.csproj", "{E591CECD-6F76-48FD-89ED-F90E42E5CF18}"
EndProject
Project("{2150E333-8FDC-42A3-9474-1A3956D46DE8}") = "Centralita VI", "Centralita VI", "{FCFE5549-44F9-4524-80E6-3D8C56A91BC9}"
EndProject
Project("{9A19103F-16F7-4668-BE54-9A1E7A4F7556}") = "Centralita VI", "Centralita VI\Centralita VI.csproj", "{906A6336-1196-4EDD-8559-39D9BD8612C4}"
EndProject
Project("{2150E333-8FDC-42A3-9474-1A3956D46DE8}") = "15 Eventos", "15 Eventos", "{305783B7-97DE-47E4-81E1-393CD834AD58}"
EndProject
Project("{2150E333-8FDC-42A3-9474-1A3956D46DE8}") = "Avisame si cambia", "Avisame si cambia", "{7B380775-976D-4790-97BC-C54B8DBB0105}"
EndProject
Project("{9A19103F-16F7-4668-BE54-9A1E7A4F7556}") = "Avisador", "Avisador\Avisador.csproj", "{ECE60530-C7C1-4E25-AC26-4CD34B435AB2}"
EndProject
Project("{2150E333-8FDC-42A3-9474-1A3956D46DE8}") = "Temporizador", "Temporizador", "{7140E38A-706F-4AFD-B46B-B86D21FA1854}"
EndProject
Project("{9A19103F-16F7-4668-BE54-9A1E7A4F7556}") = "TemporizadorForm", "TemporizadorForm\TemporizadorForm.csproj", "{FE05F6CA-C62F-4701-9C0F-898DC0008849}"
EndProject
Project("{2150E333-8FDC-42A3-9474-1A3956D46DE8}") = "16 Metodos de extension", "16 Metodos de extension", "{259D5FF8-1628-4F16-B8BF-12F8FD503F42}"
EndProject
Project("{2150E333-8FDC-42A3-9474-1A3956D46DE8}") = "Placa de Cronica Tv", "Placa de Cronica Tv", "{604514D0-52D9-465F-ACA7-DAA9A0D8C095}"
EndProject
Project("{FAE04EC0-301F-11D3-BF4B-00C04F79EFBC}") = "CuantosDiasFaltan", "CuantosDiasFaltan\CuantosDiasFaltan.csproj", "{AD3EDA71-F7BD-4FE5-A928-947B7EA7390B}"
EndProject
Global
	GlobalSection(SolutionConfigurationPlatforms) = preSolution
		Debug|Any CPU = Debug|Any CPU
		Release|Any CPU = Release|Any CPU
	EndGlobalSection
	GlobalSection(ProjectConfigurationPlatforms) = postSolution
		{8E9EC85E-D3DC-4CEA-9DBB-407FDF3988A3}.Debug|Any CPU.ActiveCfg = Debug|Any CPU
		{8E9EC85E-D3DC-4CEA-9DBB-407FDF3988A3}.Debug|Any CPU.Build.0 = Debug|Any CPU
		{8E9EC85E-D3DC-4CEA-9DBB-407FDF3988A3}.Release|Any CPU.ActiveCfg = Release|Any CPU
		{8E9EC85E-D3DC-4CEA-9DBB-407FDF3988A3}.Release|Any CPU.Build.0 = Release|Any CPU
		{0C2963C5-BBEC-4547-9093-D11DEF6BB2CB}.Debug|Any CPU.ActiveCfg = Debug|Any CPU
		{0C2963C5-BBEC-4547-9093-D11DEF6BB2CB}.Debug|Any CPU.Build.0 = Debug|Any CPU
		{0C2963C5-BBEC-4547-9093-D11DEF6BB2CB}.Release|Any CPU.ActiveCfg = Release|Any CPU
		{0C2963C5-BBEC-4547-9093-D11DEF6BB2CB}.Release|Any CPU.Build.0 = Release|Any CPU
		{24455BA6-8B14-40D8-A7ED-676852D0F43A}.Debug|Any CPU.ActiveCfg = Debug|Any CPU
		{24455BA6-8B14-40D8-A7ED-676852D0F43A}.Debug|Any CPU.Build.0 = Debug|Any CPU
		{24455BA6-8B14-40D8-A7ED-676852D0F43A}.Release|Any CPU.ActiveCfg = Release|Any CPU
		{24455BA6-8B14-40D8-A7ED-676852D0F43A}.Release|Any CPU.Build.0 = Release|Any CPU
		{7E25F730-0F02-4781-9014-920696B98076}.Debug|Any CPU.ActiveCfg = Debug|Any CPU
		{7E25F730-0F02-4781-9014-920696B98076}.Debug|Any CPU.Build.0 = Debug|Any CPU
		{7E25F730-0F02-4781-9014-920696B98076}.Release|Any CPU.ActiveCfg = Release|Any CPU
		{7E25F730-0F02-4781-9014-920696B98076}.Release|Any CPU.Build.0 = Release|Any CPU
		{DC38FFA9-8593-4102-93D0-1CCDBBC107FD}.Debug|Any CPU.ActiveCfg = Debug|Any CPU
		{DC38FFA9-8593-4102-93D0-1CCDBBC107FD}.Debug|Any CPU.Build.0 = Debug|Any CPU
		{DC38FFA9-8593-4102-93D0-1CCDBBC107FD}.Release|Any CPU.ActiveCfg = Release|Any CPU
		{DC38FFA9-8593-4102-93D0-1CCDBBC107FD}.Release|Any CPU.Build.0 = Release|Any CPU
		{084CED4F-6AB0-4FFE-867B-A3D1147659FC}.Debug|Any CPU.ActiveCfg = Debug|Any CPU
		{084CED4F-6AB0-4FFE-867B-A3D1147659FC}.Debug|Any CPU.Build.0 = Debug|Any CPU
		{084CED4F-6AB0-4FFE-867B-A3D1147659FC}.Release|Any CPU.ActiveCfg = Release|Any CPU
		{084CED4F-6AB0-4FFE-867B-A3D1147659FC}.Release|Any CPU.Build.0 = Release|Any CPU
		{52DEC472-16BA-40AB-B4E9-F9AA5CAA8457}.Debug|Any CPU.ActiveCfg = Debug|Any CPU
		{52DEC472-16BA-40AB-B4E9-F9AA5CAA8457}.Debug|Any CPU.Build.0 = Debug|Any CPU
		{52DEC472-16BA-40AB-B4E9-F9AA5CAA8457}.Release|Any CPU.ActiveCfg = Release|Any CPU
		{52DEC472-16BA-40AB-B4E9-F9AA5CAA8457}.Release|Any CPU.Build.0 = Release|Any CPU
		{1E239D6A-AABA-4194-B33E-2905860777BB}.Debug|Any CPU.ActiveCfg = Debug|Any CPU
		{1E239D6A-AABA-4194-B33E-2905860777BB}.Debug|Any CPU.Build.0 = Debug|Any CPU
		{1E239D6A-AABA-4194-B33E-2905860777BB}.Release|Any CPU.ActiveCfg = Release|Any CPU
		{1E239D6A-AABA-4194-B33E-2905860777BB}.Release|Any CPU.Build.0 = Release|Any CPU
		{0A9A8AA5-C846-4230-A3E7-0F2DBEDF5450}.Debug|Any CPU.ActiveCfg = Debug|Any CPU
		{0A9A8AA5-C846-4230-A3E7-0F2DBEDF5450}.Debug|Any CPU.Build.0 = Debug|Any CPU
		{0A9A8AA5-C846-4230-A3E7-0F2DBEDF5450}.Release|Any CPU.ActiveCfg = Release|Any CPU
		{0A9A8AA5-C846-4230-A3E7-0F2DBEDF5450}.Release|Any CPU.Build.0 = Release|Any CPU
		{0717B495-DA53-4BD6-B431-A3CB08474CD1}.Debug|Any CPU.ActiveCfg = Debug|Any CPU
		{0717B495-DA53-4BD6-B431-A3CB08474CD1}.Debug|Any CPU.Build.0 = Debug|Any CPU
		{0717B495-DA53-4BD6-B431-A3CB08474CD1}.Release|Any CPU.ActiveCfg = Release|Any CPU
		{0717B495-DA53-4BD6-B431-A3CB08474CD1}.Release|Any CPU.Build.0 = Release|Any CPU
		{3D8EFFAE-2AB6-4E6A-AA4B-B1AE9A4DCABD}.Debug|Any CPU.ActiveCfg = Debug|Any CPU
		{3D8EFFAE-2AB6-4E6A-AA4B-B1AE9A4DCABD}.Debug|Any CPU.Build.0 = Debug|Any CPU
		{3D8EFFAE-2AB6-4E6A-AA4B-B1AE9A4DCABD}.Release|Any CPU.ActiveCfg = Release|Any CPU
		{3D8EFFAE-2AB6-4E6A-AA4B-B1AE9A4DCABD}.Release|Any CPU.Build.0 = Release|Any CPU
		{D181C32C-D50B-4B12-8CD5-B11DD946621D}.Debug|Any CPU.ActiveCfg = Debug|Any CPU
		{D181C32C-D50B-4B12-8CD5-B11DD946621D}.Debug|Any CPU.Build.0 = Debug|Any CPU
		{D181C32C-D50B-4B12-8CD5-B11DD946621D}.Release|Any CPU.ActiveCfg = Release|Any CPU
		{D181C32C-D50B-4B12-8CD5-B11DD946621D}.Release|Any CPU.Build.0 = Release|Any CPU
		{A4C1AD68-F2E9-4E2E-9B26-AD1814324413}.Debug|Any CPU.ActiveCfg = Debug|Any CPU
		{A4C1AD68-F2E9-4E2E-9B26-AD1814324413}.Debug|Any CPU.Build.0 = Debug|Any CPU
		{A4C1AD68-F2E9-4E2E-9B26-AD1814324413}.Release|Any CPU.ActiveCfg = Release|Any CPU
		{A4C1AD68-F2E9-4E2E-9B26-AD1814324413}.Release|Any CPU.Build.0 = Release|Any CPU
		{87A455E5-F162-43F7-80A7-C2E433825D1C}.Debug|Any CPU.ActiveCfg = Debug|Any CPU
		{87A455E5-F162-43F7-80A7-C2E433825D1C}.Debug|Any CPU.Build.0 = Debug|Any CPU
		{87A455E5-F162-43F7-80A7-C2E433825D1C}.Release|Any CPU.ActiveCfg = Release|Any CPU
		{87A455E5-F162-43F7-80A7-C2E433825D1C}.Release|Any CPU.Build.0 = Release|Any CPU
		{09D9C6A6-B449-46BC-B176-73B8392FEF94}.Debug|Any CPU.ActiveCfg = Debug|Any CPU
		{09D9C6A6-B449-46BC-B176-73B8392FEF94}.Debug|Any CPU.Build.0 = Debug|Any CPU
		{09D9C6A6-B449-46BC-B176-73B8392FEF94}.Release|Any CPU.ActiveCfg = Release|Any CPU
		{09D9C6A6-B449-46BC-B176-73B8392FEF94}.Release|Any CPU.Build.0 = Release|Any CPU
		{B8A9B625-0C05-4873-9C64-78DD04297E86}.Debug|Any CPU.ActiveCfg = Debug|Any CPU
		{B8A9B625-0C05-4873-9C64-78DD04297E86}.Debug|Any CPU.Build.0 = Debug|Any CPU
		{B8A9B625-0C05-4873-9C64-78DD04297E86}.Release|Any CPU.ActiveCfg = Release|Any CPU
		{B8A9B625-0C05-4873-9C64-78DD04297E86}.Release|Any CPU.Build.0 = Release|Any CPU
		{809F12F7-1695-4E93-ABDC-15D11339F15F}.Debug|Any CPU.ActiveCfg = Debug|Any CPU
		{809F12F7-1695-4E93-ABDC-15D11339F15F}.Debug|Any CPU.Build.0 = Debug|Any CPU
		{809F12F7-1695-4E93-ABDC-15D11339F15F}.Release|Any CPU.ActiveCfg = Release|Any CPU
		{809F12F7-1695-4E93-ABDC-15D11339F15F}.Release|Any CPU.Build.0 = Release|Any CPU
		{FF2B03DD-1F70-4943-B6B6-591897E3EDF8}.Debug|Any CPU.ActiveCfg = Debug|Any CPU
		{FF2B03DD-1F70-4943-B6B6-591897E3EDF8}.Debug|Any CPU.Build.0 = Debug|Any CPU
		{FF2B03DD-1F70-4943-B6B6-591897E3EDF8}.Release|Any CPU.ActiveCfg = Release|Any CPU
		{FF2B03DD-1F70-4943-B6B6-591897E3EDF8}.Release|Any CPU.Build.0 = Release|Any CPU
		{5F01877E-B499-4CCE-9421-52DB7483EA8E}.Debug|Any CPU.ActiveCfg = Debug|Any CPU
		{5F01877E-B499-4CCE-9421-52DB7483EA8E}.Debug|Any CPU.Build.0 = Debug|Any CPU
		{5F01877E-B499-4CCE-9421-52DB7483EA8E}.Release|Any CPU.ActiveCfg = Release|Any CPU
		{5F01877E-B499-4CCE-9421-52DB7483EA8E}.Release|Any CPU.Build.0 = Release|Any CPU
		{06B79215-8B42-4522-A44A-8F9E52FDBE8A}.Debug|Any CPU.ActiveCfg = Debug|Any CPU
		{06B79215-8B42-4522-A44A-8F9E52FDBE8A}.Debug|Any CPU.Build.0 = Debug|Any CPU
		{06B79215-8B42-4522-A44A-8F9E52FDBE8A}.Release|Any CPU.ActiveCfg = Release|Any CPU
		{06B79215-8B42-4522-A44A-8F9E52FDBE8A}.Release|Any CPU.Build.0 = Release|Any CPU
		{49CC0402-90B8-4410-8D34-B04FF208454A}.Debug|Any CPU.ActiveCfg = Debug|Any CPU
		{49CC0402-90B8-4410-8D34-B04FF208454A}.Debug|Any CPU.Build.0 = Debug|Any CPU
		{49CC0402-90B8-4410-8D34-B04FF208454A}.Release|Any CPU.ActiveCfg = Release|Any CPU
		{49CC0402-90B8-4410-8D34-B04FF208454A}.Release|Any CPU.Build.0 = Release|Any CPU
		{6C69967A-753F-4B76-BABF-8E3E0091F1BF}.Debug|Any CPU.ActiveCfg = Debug|Any CPU
		{6C69967A-753F-4B76-BABF-8E3E0091F1BF}.Debug|Any CPU.Build.0 = Debug|Any CPU
		{6C69967A-753F-4B76-BABF-8E3E0091F1BF}.Release|Any CPU.ActiveCfg = Release|Any CPU
		{6C69967A-753F-4B76-BABF-8E3E0091F1BF}.Release|Any CPU.Build.0 = Release|Any CPU
		{E63FB383-F0DA-4685-A6D3-DBBA65D660F3}.Debug|Any CPU.ActiveCfg = Debug|Any CPU
		{E63FB383-F0DA-4685-A6D3-DBBA65D660F3}.Debug|Any CPU.Build.0 = Debug|Any CPU
		{E63FB383-F0DA-4685-A6D3-DBBA65D660F3}.Release|Any CPU.ActiveCfg = Release|Any CPU
		{E63FB383-F0DA-4685-A6D3-DBBA65D660F3}.Release|Any CPU.Build.0 = Release|Any CPU
		{CB073C05-691C-4BC5-B7BB-ACB3D653F47B}.Debug|Any CPU.ActiveCfg = Debug|Any CPU
		{CB073C05-691C-4BC5-B7BB-ACB3D653F47B}.Debug|Any CPU.Build.0 = Debug|Any CPU
		{CB073C05-691C-4BC5-B7BB-ACB3D653F47B}.Release|Any CPU.ActiveCfg = Release|Any CPU
		{CB073C05-691C-4BC5-B7BB-ACB3D653F47B}.Release|Any CPU.Build.0 = Release|Any CPU
		{8D757C54-7E26-44B6-9A91-B7E934ED19D9}.Debug|Any CPU.ActiveCfg = Debug|Any CPU
		{8D757C54-7E26-44B6-9A91-B7E934ED19D9}.Debug|Any CPU.Build.0 = Debug|Any CPU
		{8D757C54-7E26-44B6-9A91-B7E934ED19D9}.Release|Any CPU.ActiveCfg = Release|Any CPU
		{8D757C54-7E26-44B6-9A91-B7E934ED19D9}.Release|Any CPU.Build.0 = Release|Any CPU
		{A29D96AE-DBB4-4A68-9B42-D99E7795C301}.Debug|Any CPU.ActiveCfg = Debug|Any CPU
		{A29D96AE-DBB4-4A68-9B42-D99E7795C301}.Debug|Any CPU.Build.0 = Debug|Any CPU
		{A29D96AE-DBB4-4A68-9B42-D99E7795C301}.Release|Any CPU.ActiveCfg = Release|Any CPU
		{A29D96AE-DBB4-4A68-9B42-D99E7795C301}.Release|Any CPU.Build.0 = Release|Any CPU
		{8DEA7C67-E7CA-464F-8F25-05C05369E064}.Debug|Any CPU.ActiveCfg = Debug|Any CPU
		{8DEA7C67-E7CA-464F-8F25-05C05369E064}.Debug|Any CPU.Build.0 = Debug|Any CPU
		{8DEA7C67-E7CA-464F-8F25-05C05369E064}.Release|Any CPU.ActiveCfg = Release|Any CPU
		{8DEA7C67-E7CA-464F-8F25-05C05369E064}.Release|Any CPU.Build.0 = Release|Any CPU
		{1201FD4F-6379-410D-AE7D-774C9AD7BF90}.Debug|Any CPU.ActiveCfg = Debug|Any CPU
		{1201FD4F-6379-410D-AE7D-774C9AD7BF90}.Debug|Any CPU.Build.0 = Debug|Any CPU
		{1201FD4F-6379-410D-AE7D-774C9AD7BF90}.Release|Any CPU.ActiveCfg = Release|Any CPU
		{1201FD4F-6379-410D-AE7D-774C9AD7BF90}.Release|Any CPU.Build.0 = Release|Any CPU
		{D45680D7-31F4-4FD6-A088-8D6399E07AD3}.Debug|Any CPU.ActiveCfg = Debug|Any CPU
		{D45680D7-31F4-4FD6-A088-8D6399E07AD3}.Debug|Any CPU.Build.0 = Debug|Any CPU
		{D45680D7-31F4-4FD6-A088-8D6399E07AD3}.Release|Any CPU.ActiveCfg = Release|Any CPU
		{D45680D7-31F4-4FD6-A088-8D6399E07AD3}.Release|Any CPU.Build.0 = Release|Any CPU
		{F0335B4B-8371-4B4E-8B6F-98E3CA48D260}.Debug|Any CPU.ActiveCfg = Debug|Any CPU
		{F0335B4B-8371-4B4E-8B6F-98E3CA48D260}.Debug|Any CPU.Build.0 = Debug|Any CPU
		{F0335B4B-8371-4B4E-8B6F-98E3CA48D260}.Release|Any CPU.ActiveCfg = Release|Any CPU
		{F0335B4B-8371-4B4E-8B6F-98E3CA48D260}.Release|Any CPU.Build.0 = Release|Any CPU
		{301EDF6D-381B-4C94-AD18-BFCB8175A6B6}.Debug|Any CPU.ActiveCfg = Debug|Any CPU
		{301EDF6D-381B-4C94-AD18-BFCB8175A6B6}.Debug|Any CPU.Build.0 = Debug|Any CPU
		{301EDF6D-381B-4C94-AD18-BFCB8175A6B6}.Release|Any CPU.ActiveCfg = Release|Any CPU
		{301EDF6D-381B-4C94-AD18-BFCB8175A6B6}.Release|Any CPU.Build.0 = Release|Any CPU
		{3C63F110-954E-4544-8651-61EBA74F070F}.Debug|Any CPU.ActiveCfg = Debug|Any CPU
		{3C63F110-954E-4544-8651-61EBA74F070F}.Debug|Any CPU.Build.0 = Debug|Any CPU
		{3C63F110-954E-4544-8651-61EBA74F070F}.Release|Any CPU.ActiveCfg = Release|Any CPU
		{3C63F110-954E-4544-8651-61EBA74F070F}.Release|Any CPU.Build.0 = Release|Any CPU
		{AAA64709-2C6A-4090-A9CC-31339FDFD69D}.Debug|Any CPU.ActiveCfg = Debug|Any CPU
		{AAA64709-2C6A-4090-A9CC-31339FDFD69D}.Debug|Any CPU.Build.0 = Debug|Any CPU
		{AAA64709-2C6A-4090-A9CC-31339FDFD69D}.Release|Any CPU.ActiveCfg = Release|Any CPU
		{AAA64709-2C6A-4090-A9CC-31339FDFD69D}.Release|Any CPU.Build.0 = Release|Any CPU
		{C63F6DAB-7ABB-4293-BF3D-965B135C1DEE}.Debug|Any CPU.ActiveCfg = Debug|Any CPU
		{C63F6DAB-7ABB-4293-BF3D-965B135C1DEE}.Debug|Any CPU.Build.0 = Debug|Any CPU
		{C63F6DAB-7ABB-4293-BF3D-965B135C1DEE}.Release|Any CPU.ActiveCfg = Release|Any CPU
		{C63F6DAB-7ABB-4293-BF3D-965B135C1DEE}.Release|Any CPU.Build.0 = Release|Any CPU
		{E7E2618F-EB8F-41B7-AECE-8137A58C4064}.Debug|Any CPU.ActiveCfg = Debug|Any CPU
		{E7E2618F-EB8F-41B7-AECE-8137A58C4064}.Debug|Any CPU.Build.0 = Debug|Any CPU
		{E7E2618F-EB8F-41B7-AECE-8137A58C4064}.Release|Any CPU.ActiveCfg = Release|Any CPU
		{E7E2618F-EB8F-41B7-AECE-8137A58C4064}.Release|Any CPU.Build.0 = Release|Any CPU
		{ED80606C-09C6-4EB3-8EF7-05AF2ECD5C8E}.Debug|Any CPU.ActiveCfg = Debug|Any CPU
		{ED80606C-09C6-4EB3-8EF7-05AF2ECD5C8E}.Debug|Any CPU.Build.0 = Debug|Any CPU
		{ED80606C-09C6-4EB3-8EF7-05AF2ECD5C8E}.Release|Any CPU.ActiveCfg = Release|Any CPU
		{ED80606C-09C6-4EB3-8EF7-05AF2ECD5C8E}.Release|Any CPU.Build.0 = Release|Any CPU
		{1555FB05-EC83-4A95-87EF-DAC97E970CBD}.Debug|Any CPU.ActiveCfg = Debug|Any CPU
		{1555FB05-EC83-4A95-87EF-DAC97E970CBD}.Debug|Any CPU.Build.0 = Debug|Any CPU
		{1555FB05-EC83-4A95-87EF-DAC97E970CBD}.Release|Any CPU.ActiveCfg = Release|Any CPU
		{1555FB05-EC83-4A95-87EF-DAC97E970CBD}.Release|Any CPU.Build.0 = Release|Any CPU
		{A0AB5A22-9E98-4865-B01C-AAC1774F32D0}.Debug|Any CPU.ActiveCfg = Debug|Any CPU
		{A0AB5A22-9E98-4865-B01C-AAC1774F32D0}.Debug|Any CPU.Build.0 = Debug|Any CPU
		{A0AB5A22-9E98-4865-B01C-AAC1774F32D0}.Release|Any CPU.ActiveCfg = Release|Any CPU
		{A0AB5A22-9E98-4865-B01C-AAC1774F32D0}.Release|Any CPU.Build.0 = Release|Any CPU
		{C54C3571-90BC-4E2A-A896-50D43A559A88}.Debug|Any CPU.ActiveCfg = Debug|Any CPU
		{C54C3571-90BC-4E2A-A896-50D43A559A88}.Debug|Any CPU.Build.0 = Debug|Any CPU
		{C54C3571-90BC-4E2A-A896-50D43A559A88}.Release|Any CPU.ActiveCfg = Release|Any CPU
		{C54C3571-90BC-4E2A-A896-50D43A559A88}.Release|Any CPU.Build.0 = Release|Any CPU
		{E473B561-2ACE-47D9-9EF1-74FCBAED93C2}.Debug|Any CPU.ActiveCfg = Debug|Any CPU
		{E473B561-2ACE-47D9-9EF1-74FCBAED93C2}.Debug|Any CPU.Build.0 = Debug|Any CPU
		{E473B561-2ACE-47D9-9EF1-74FCBAED93C2}.Release|Any CPU.ActiveCfg = Release|Any CPU
		{E473B561-2ACE-47D9-9EF1-74FCBAED93C2}.Release|Any CPU.Build.0 = Release|Any CPU
		{7A54395B-0990-481C-91C1-D6A4476FE378}.Debug|Any CPU.ActiveCfg = Debug|Any CPU
		{7A54395B-0990-481C-91C1-D6A4476FE378}.Debug|Any CPU.Build.0 = Debug|Any CPU
		{7A54395B-0990-481C-91C1-D6A4476FE378}.Release|Any CPU.ActiveCfg = Release|Any CPU
		{7A54395B-0990-481C-91C1-D6A4476FE378}.Release|Any CPU.Build.0 = Release|Any CPU
		{F7DC1BBF-7EDD-452E-9E42-5F6603606A6F}.Debug|Any CPU.ActiveCfg = Debug|Any CPU
		{F7DC1BBF-7EDD-452E-9E42-5F6603606A6F}.Debug|Any CPU.Build.0 = Debug|Any CPU
		{F7DC1BBF-7EDD-452E-9E42-5F6603606A6F}.Release|Any CPU.ActiveCfg = Release|Any CPU
		{F7DC1BBF-7EDD-452E-9E42-5F6603606A6F}.Release|Any CPU.Build.0 = Release|Any CPU
		{6251DA88-F954-4FBA-8E24-E20F545C6D7C}.Debug|Any CPU.ActiveCfg = Debug|Any CPU
		{6251DA88-F954-4FBA-8E24-E20F545C6D7C}.Debug|Any CPU.Build.0 = Debug|Any CPU
		{6251DA88-F954-4FBA-8E24-E20F545C6D7C}.Release|Any CPU.ActiveCfg = Release|Any CPU
		{6251DA88-F954-4FBA-8E24-E20F545C6D7C}.Release|Any CPU.Build.0 = Release|Any CPU
		{732AF8C5-9F9A-4357-8697-C2AD3CBEA873}.Debug|Any CPU.ActiveCfg = Debug|Any CPU
		{732AF8C5-9F9A-4357-8697-C2AD3CBEA873}.Debug|Any CPU.Build.0 = Debug|Any CPU
		{732AF8C5-9F9A-4357-8697-C2AD3CBEA873}.Release|Any CPU.ActiveCfg = Release|Any CPU
		{732AF8C5-9F9A-4357-8697-C2AD3CBEA873}.Release|Any CPU.Build.0 = Release|Any CPU
		{35295980-D786-47B8-B6DF-C73DB961BBDA}.Debug|Any CPU.ActiveCfg = Debug|Any CPU
		{35295980-D786-47B8-B6DF-C73DB961BBDA}.Debug|Any CPU.Build.0 = Debug|Any CPU
		{35295980-D786-47B8-B6DF-C73DB961BBDA}.Release|Any CPU.ActiveCfg = Release|Any CPU
		{35295980-D786-47B8-B6DF-C73DB961BBDA}.Release|Any CPU.Build.0 = Release|Any CPU
		{D69358BE-2297-4020-9A06-A42C61E904E4}.Debug|Any CPU.ActiveCfg = Debug|Any CPU
		{D69358BE-2297-4020-9A06-A42C61E904E4}.Debug|Any CPU.Build.0 = Debug|Any CPU
		{D69358BE-2297-4020-9A06-A42C61E904E4}.Release|Any CPU.ActiveCfg = Release|Any CPU
		{D69358BE-2297-4020-9A06-A42C61E904E4}.Release|Any CPU.Build.0 = Release|Any CPU
		{3E697561-A7F5-40B0-9827-032138DB7974}.Debug|Any CPU.ActiveCfg = Debug|Any CPU
		{3E697561-A7F5-40B0-9827-032138DB7974}.Debug|Any CPU.Build.0 = Debug|Any CPU
		{3E697561-A7F5-40B0-9827-032138DB7974}.Release|Any CPU.ActiveCfg = Release|Any CPU
		{3E697561-A7F5-40B0-9827-032138DB7974}.Release|Any CPU.Build.0 = Release|Any CPU
		{8854C281-47DE-46A1-BC4A-18B80A48E7BA}.Debug|Any CPU.ActiveCfg = Debug|Any CPU
		{8854C281-47DE-46A1-BC4A-18B80A48E7BA}.Debug|Any CPU.Build.0 = Debug|Any CPU
		{8854C281-47DE-46A1-BC4A-18B80A48E7BA}.Release|Any CPU.ActiveCfg = Release|Any CPU
		{8854C281-47DE-46A1-BC4A-18B80A48E7BA}.Release|Any CPU.Build.0 = Release|Any CPU
		{D3F67251-95B1-4B15-9BBD-DA68B0A47310}.Debug|Any CPU.ActiveCfg = Debug|Any CPU
		{D3F67251-95B1-4B15-9BBD-DA68B0A47310}.Debug|Any CPU.Build.0 = Debug|Any CPU
		{D3F67251-95B1-4B15-9BBD-DA68B0A47310}.Release|Any CPU.ActiveCfg = Release|Any CPU
		{D3F67251-95B1-4B15-9BBD-DA68B0A47310}.Release|Any CPU.Build.0 = Release|Any CPU
		{0E27BAFB-744C-4645-ACA4-6A0491AC7899}.Debug|Any CPU.ActiveCfg = Debug|Any CPU
		{0E27BAFB-744C-4645-ACA4-6A0491AC7899}.Debug|Any CPU.Build.0 = Debug|Any CPU
		{0E27BAFB-744C-4645-ACA4-6A0491AC7899}.Release|Any CPU.ActiveCfg = Release|Any CPU
		{0E27BAFB-744C-4645-ACA4-6A0491AC7899}.Release|Any CPU.Build.0 = Release|Any CPU
		{F7BEFA46-A479-4CA0-9C0C-AEC236155C7E}.Debug|Any CPU.ActiveCfg = Debug|Any CPU
		{F7BEFA46-A479-4CA0-9C0C-AEC236155C7E}.Debug|Any CPU.Build.0 = Debug|Any CPU
		{F7BEFA46-A479-4CA0-9C0C-AEC236155C7E}.Release|Any CPU.ActiveCfg = Release|Any CPU
		{F7BEFA46-A479-4CA0-9C0C-AEC236155C7E}.Release|Any CPU.Build.0 = Release|Any CPU
		{8618673A-CF70-4A29-995B-4234E4D77281}.Debug|Any CPU.ActiveCfg = Debug|Any CPU
		{8618673A-CF70-4A29-995B-4234E4D77281}.Debug|Any CPU.Build.0 = Debug|Any CPU
		{8618673A-CF70-4A29-995B-4234E4D77281}.Release|Any CPU.ActiveCfg = Release|Any CPU
		{8618673A-CF70-4A29-995B-4234E4D77281}.Release|Any CPU.Build.0 = Release|Any CPU
		{E591CECD-6F76-48FD-89ED-F90E42E5CF18}.Debug|Any CPU.ActiveCfg = Debug|Any CPU
		{E591CECD-6F76-48FD-89ED-F90E42E5CF18}.Debug|Any CPU.Build.0 = Debug|Any CPU
		{E591CECD-6F76-48FD-89ED-F90E42E5CF18}.Release|Any CPU.ActiveCfg = Release|Any CPU
		{E591CECD-6F76-48FD-89ED-F90E42E5CF18}.Release|Any CPU.Build.0 = Release|Any CPU
		{906A6336-1196-4EDD-8559-39D9BD8612C4}.Debug|Any CPU.ActiveCfg = Debug|Any CPU
		{906A6336-1196-4EDD-8559-39D9BD8612C4}.Debug|Any CPU.Build.0 = Debug|Any CPU
		{906A6336-1196-4EDD-8559-39D9BD8612C4}.Release|Any CPU.ActiveCfg = Release|Any CPU
		{906A6336-1196-4EDD-8559-39D9BD8612C4}.Release|Any CPU.Build.0 = Release|Any CPU
		{ECE60530-C7C1-4E25-AC26-4CD34B435AB2}.Debug|Any CPU.ActiveCfg = Debug|Any CPU
		{ECE60530-C7C1-4E25-AC26-4CD34B435AB2}.Debug|Any CPU.Build.0 = Debug|Any CPU
		{ECE60530-C7C1-4E25-AC26-4CD34B435AB2}.Release|Any CPU.ActiveCfg = Release|Any CPU
		{ECE60530-C7C1-4E25-AC26-4CD34B435AB2}.Release|Any CPU.Build.0 = Release|Any CPU
		{FE05F6CA-C62F-4701-9C0F-898DC0008849}.Debug|Any CPU.ActiveCfg = Debug|Any CPU
		{FE05F6CA-C62F-4701-9C0F-898DC0008849}.Debug|Any CPU.Build.0 = Debug|Any CPU
		{FE05F6CA-C62F-4701-9C0F-898DC0008849}.Release|Any CPU.ActiveCfg = Release|Any CPU
		{FE05F6CA-C62F-4701-9C0F-898DC0008849}.Release|Any CPU.Build.0 = Release|Any CPU
		{AD3EDA71-F7BD-4FE5-A928-947B7EA7390B}.Debug|Any CPU.ActiveCfg = Debug|Any CPU
		{AD3EDA71-F7BD-4FE5-A928-947B7EA7390B}.Debug|Any CPU.Build.0 = Debug|Any CPU
		{AD3EDA71-F7BD-4FE5-A928-947B7EA7390B}.Release|Any CPU.ActiveCfg = Release|Any CPU
		{AD3EDA71-F7BD-4FE5-A928-947B7EA7390B}.Release|Any CPU.Build.0 = Release|Any CPU
	EndGlobalSection
	GlobalSection(SolutionProperties) = preSolution
		HideSolutionNode = FALSE
	EndGlobalSection
	GlobalSection(NestedProjects) = preSolution
		{8E9EC85E-D3DC-4CEA-9DBB-407FDF3988A3} = {18A25C2B-5851-42C9-94DD-79F542CB6F7E}
		{0C2963C5-BBEC-4547-9093-D11DEF6BB2CB} = {18A25C2B-5851-42C9-94DD-79F542CB6F7E}
		{24455BA6-8B14-40D8-A7ED-676852D0F43A} = {C3599DC9-88BB-4753-9334-A99C97942933}
		{7E25F730-0F02-4781-9014-920696B98076} = {C3599DC9-88BB-4753-9334-A99C97942933}
		{DC38FFA9-8593-4102-93D0-1CCDBBC107FD} = {C3599DC9-88BB-4753-9334-A99C97942933}
		{084CED4F-6AB0-4FFE-867B-A3D1147659FC} = {C3599DC9-88BB-4753-9334-A99C97942933}
		{52DEC472-16BA-40AB-B4E9-F9AA5CAA8457} = {C3599DC9-88BB-4753-9334-A99C97942933}
		{1E239D6A-AABA-4194-B33E-2905860777BB} = {C3599DC9-88BB-4753-9334-A99C97942933}
		{0A9A8AA5-C846-4230-A3E7-0F2DBEDF5450} = {FAC5C467-EF4C-47A9-8134-766F8BB4F23E}
		{0717B495-DA53-4BD6-B431-A3CB08474CD1} = {FAC5C467-EF4C-47A9-8134-766F8BB4F23E}
		{3D8EFFAE-2AB6-4E6A-AA4B-B1AE9A4DCABD} = {FC11CA98-F196-43C6-BB30-7DE60D9C6925}
		{D181C32C-D50B-4B12-8CD5-B11DD946621D} = {FC11CA98-F196-43C6-BB30-7DE60D9C6925}
		{A4C1AD68-F2E9-4E2E-9B26-AD1814324413} = {FC11CA98-F196-43C6-BB30-7DE60D9C6925}
		{87A455E5-F162-43F7-80A7-C2E433825D1C} = {FC11CA98-F196-43C6-BB30-7DE60D9C6925}
		{09D9C6A6-B449-46BC-B176-73B8392FEF94} = {EC5DDCE1-A545-4C5E-BE4C-CB364CA6DD1F}
		{B8A9B625-0C05-4873-9C64-78DD04297E86} = {EC5DDCE1-A545-4C5E-BE4C-CB364CA6DD1F}
		{809F12F7-1695-4E93-ABDC-15D11339F15F} = {58BD95E6-757E-4B5D-9980-97C5EB5885A2}
		{FF2B03DD-1F70-4943-B6B6-591897E3EDF8} = {58BD95E6-757E-4B5D-9980-97C5EB5885A2}
		{5F01877E-B499-4CCE-9421-52DB7483EA8E} = {14330D98-D37E-46D0-902D-A08B09E44ADA}
		{06B79215-8B42-4522-A44A-8F9E52FDBE8A} = {14330D98-D37E-46D0-902D-A08B09E44ADA}
		{49CC0402-90B8-4410-8D34-B04FF208454A} = {14330D98-D37E-46D0-902D-A08B09E44ADA}
		{6C69967A-753F-4B76-BABF-8E3E0091F1BF} = {14330D98-D37E-46D0-902D-A08B09E44ADA}
		{E63FB383-F0DA-4685-A6D3-DBBA65D660F3} = {14330D98-D37E-46D0-902D-A08B09E44ADA}
		{58BD95E6-757E-4B5D-9980-97C5EB5885A2} = {EC5DDCE1-A545-4C5E-BE4C-CB364CA6DD1F}
		{CB073C05-691C-4BC5-B7BB-ACB3D653F47B} = {BD833F6E-B308-4FD2-87B0-B72BFE4D1F91}
		{8D757C54-7E26-44B6-9A91-B7E934ED19D9} = {BD833F6E-B308-4FD2-87B0-B72BFE4D1F91}
		{BD833F6E-B308-4FD2-87B0-B72BFE4D1F91} = {995A4AC3-3CB2-4D48-8AC9-BF4CFD94045D}
		{A29D96AE-DBB4-4A68-9B42-D99E7795C301} = {995A4AC3-3CB2-4D48-8AC9-BF4CFD94045D}
		{8DEA7C67-E7CA-464F-8F25-05C05369E064} = {995A4AC3-3CB2-4D48-8AC9-BF4CFD94045D}
		{1201FD4F-6379-410D-AE7D-774C9AD7BF90} = {995A4AC3-3CB2-4D48-8AC9-BF4CFD94045D}
		{D45680D7-31F4-4FD6-A088-8D6399E07AD3} = {248CFE41-5EEC-42A4-A6C9-CDD656804006}
		{F0335B4B-8371-4B4E-8B6F-98E3CA48D260} = {248CFE41-5EEC-42A4-A6C9-CDD656804006}
		{301EDF6D-381B-4C94-AD18-BFCB8175A6B6} = {248CFE41-5EEC-42A4-A6C9-CDD656804006}
		{3C63F110-954E-4544-8651-61EBA74F070F} = {D6ED7409-CA42-42A6-A801-543F52C04A0C}
		{AAA64709-2C6A-4090-A9CC-31339FDFD69D} = {7C8B53F7-BE79-45A8-81BB-65E701AF7488}
		{7C8B53F7-BE79-45A8-81BB-65E701AF7488} = {D6ED7409-CA42-42A6-A801-543F52C04A0C}
		{C63F6DAB-7ABB-4293-BF3D-965B135C1DEE} = {7C8B53F7-BE79-45A8-81BB-65E701AF7488}
		{E7E2618F-EB8F-41B7-AECE-8137A58C4064} = {D6ED7409-CA42-42A6-A801-543F52C04A0C}
		{ED80606C-09C6-4EB3-8EF7-05AF2ECD5C8E} = {0A7A19A5-3448-42CE-BED7-F78EC17880DC}
		{0A7A19A5-3448-42CE-BED7-F78EC17880DC} = {33E6B62B-8F8C-42FC-85E8-57E6E023874B}
		{440AC804-82C7-49AC-AEBF-A380CA3D6DEB} = {33E6B62B-8F8C-42FC-85E8-57E6E023874B}
		{1555FB05-EC83-4A95-87EF-DAC97E970CBD} = {440AC804-82C7-49AC-AEBF-A380CA3D6DEB}
		{D0C19DE0-3C66-4DB6-8B5D-365F1CBD2B97} = {33E6B62B-8F8C-42FC-85E8-57E6E023874B}
		{A0AB5A22-9E98-4865-B01C-AAC1774F32D0} = {D0C19DE0-3C66-4DB6-8B5D-365F1CBD2B97}
		{C54C3571-90BC-4E2A-A896-50D43A559A88} = {D0C19DE0-3C66-4DB6-8B5D-365F1CBD2B97}
		{EBE4D4B9-0439-455A-A9F2-F09FF8A797FB} = {D276E290-BF74-44EB-8345-C7E093BE488C}
		{E473B561-2ACE-47D9-9EF1-74FCBAED93C2} = {EBE4D4B9-0439-455A-A9F2-F09FF8A797FB}
		{7A54395B-0990-481C-91C1-D6A4476FE378} = {747A407A-2436-4711-8D8B-D7F0A921B5DC}
		{747A407A-2436-4711-8D8B-D7F0A921B5DC} = {D276E290-BF74-44EB-8345-C7E093BE488C}
		{5F454AEE-6494-45B8-B4DA-8889A2154BFE} = {D276E290-BF74-44EB-8345-C7E093BE488C}
		{F7DC1BBF-7EDD-452E-9E42-5F6603606A6F} = {5F454AEE-6494-45B8-B4DA-8889A2154BFE}
		{658B2069-64E0-4DF2-9A9D-ADB70A450B3F} = {D276E290-BF74-44EB-8345-C7E093BE488C}
		{6251DA88-F954-4FBA-8E24-E20F545C6D7C} = {658B2069-64E0-4DF2-9A9D-ADB70A450B3F}
		{732AF8C5-9F9A-4357-8697-C2AD3CBEA873} = {658B2069-64E0-4DF2-9A9D-ADB70A450B3F}
		{F3E82FEE-61F6-4F55-9C01-03DE56F27C08} = {7C61E246-32EF-42E1-9A87-E105A560A275}
		{D69358BE-2297-4020-9A06-A42C61E904E4} = {F3E82FEE-61F6-4F55-9C01-03DE56F27C08}
		{3E697561-A7F5-40B0-9827-032138DB7974} = {F3E82FEE-61F6-4F55-9C01-03DE56F27C08}
		{BCB7A79F-2BC6-478C-A2BD-E8276C2A904E} = {7C61E246-32EF-42E1-9A87-E105A560A275}
		{8854C281-47DE-46A1-BC4A-18B80A48E7BA} = {BCB7A79F-2BC6-478C-A2BD-E8276C2A904E}
		{4C0EC946-A638-412D-8D66-27F143490825} = {7C61E246-32EF-42E1-9A87-E105A560A275}
		{D3F67251-95B1-4B15-9BBD-DA68B0A47310} = {4C0EC946-A638-412D-8D66-27F143490825}
		{6A6995B8-ABF5-41E7-86D7-D0DCBC6BF3F3} = {EEAC6965-A663-41F6-A47D-41935F04309E}
		{0E27BAFB-744C-4645-ACA4-6A0491AC7899} = {6A6995B8-ABF5-41E7-86D7-D0DCBC6BF3F3}
		{A854F738-3CB6-4642-9596-210659C04F63} = {EEAC6965-A663-41F6-A47D-41935F04309E}
		{F7BEFA46-A479-4CA0-9C0C-AEC236155C7E} = {A854F738-3CB6-4642-9596-210659C04F63}
		{87FAC089-ACD9-4D9E-A99E-882960412061} = {E6E2C6D8-54D5-4750-A657-4A8627FBDA22}
		{8618673A-CF70-4A29-995B-4234E4D77281} = {87FAC089-ACD9-4D9E-A99E-882960412061}
		{157A5A39-82AA-42E1-B4EC-F75DE0FE512B} = {E6E2C6D8-54D5-4750-A657-4A8627FBDA22}
		{E591CECD-6F76-48FD-89ED-F90E42E5CF18} = {157A5A39-82AA-42E1-B4EC-F75DE0FE512B}
		{FCFE5549-44F9-4524-80E6-3D8C56A91BC9} = {E6E2C6D8-54D5-4750-A657-4A8627FBDA22}
		{906A6336-1196-4EDD-8559-39D9BD8612C4} = {FCFE5549-44F9-4524-80E6-3D8C56A91BC9}
		{7B380775-976D-4790-97BC-C54B8DBB0105} = {305783B7-97DE-47E4-81E1-393CD834AD58}
		{ECE60530-C7C1-4E25-AC26-4CD34B435AB2} = {7B380775-976D-4790-97BC-C54B8DBB0105}
		{7140E38A-706F-4AFD-B46B-B86D21FA1854} = {305783B7-97DE-47E4-81E1-393CD834AD58}
		{FE05F6CA-C62F-4701-9C0F-898DC0008849} = {7140E38A-706F-4AFD-B46B-B86D21FA1854}
		{604514D0-52D9-465F-ACA7-DAA9A0D8C095} = {259D5FF8-1628-4F16-B8BF-12F8FD503F42}
		{AD3EDA71-F7BD-4FE5-A928-947B7EA7390B} = {604514D0-52D9-465F-ACA7-DAA9A0D8C095}
	EndGlobalSection
	GlobalSection(ExtensibilityGlobals) = postSolution
		SolutionGuid = {057C8517-DBB4-4BEC-B0E1-960780CF3F64}
	EndGlobalSection
EndGlobal
